
Microsoft Visual Studio Solution File, Format Version 12.00
# Visual Studio Version 17
VisualStudioVersion = 17.9.34714.143
MinimumVisualStudioVersion = 10.0.40219.1
Project("{FAE04EC0-301F-11D3-BF4B-00C04F79EFBC}") = "GroceryStoreApp", "GroceryStoreApp.csproj", "{8E63FAE3-8E18-4F37-A69A-6E335DF3677D}"
EndProject
Global
	GlobalSection(SolutionConfigurationPlatforms) = preSolution
		Debug|Any CPU = Debug|Any CPU
		Release|Any CPU = Release|Any CPU
	EndGlobalSection
	GlobalSection(ProjectConfigurationPlatforms) = postSolution
		{8E63FAE3-8E18-4F37-A69A-6E335DF3677D}.Debug|Any CPU.ActiveCfg = Debug|Any CPU
		{8E63FAE3-8E18-4F37-A69A-6E335DF3677D}.Debug|Any CPU.Build.0 = Debug|Any CPU
		{8E63FAE3-8E18-4F37-A69A-6E335DF3677D}.Release|Any CPU.ActiveCfg = Release|Any CPU
		{8E63FAE3-8E18-4F37-A69A-6E335DF3677D}.Release|Any CPU.Build.0 = Release|Any CPU
	EndGlobalSection
	GlobalSection(SolutionProperties) = preSolution
		HideSolutionNode = FALSE
	EndGlobalSection
	GlobalSection(ExtensibilityGlobals) = postSolution
		SolutionGuid = {62D49C57-0A7C-4AE3-A635-E00E6148E4C5}
	EndGlobalSection
EndGlobal
